
Microsoft Visual Studio Solution File, Format Version 12.00
# Visual Studio Version 16
VisualStudioVersion = 16.0.810.20
MinimumVisualStudioVersion = 10.0.40219.1
Project("{FAE04EC0-301F-11D3-BF4B-00C04F79EFBC}") = "vidly", "vidly\vidly.csproj", "{D98A7156-9D90-4112-B60E-69A4715E028C}"
EndProject
Global
	GlobalSection(SolutionConfigurationPlatforms) = preSolution
		Debug|Any CPU = Debug|Any CPU
		Release|Any CPU = Release|Any CPU
	EndGlobalSection
	GlobalSection(ProjectConfigurationPlatforms) = postSolution
		{D98A7156-9D90-4112-B60E-69A4715E028C}.Debug|Any CPU.ActiveCfg = Debug|Any CPU
		{D98A7156-9D90-4112-B60E-69A4715E028C}.Debug|Any CPU.Build.0 = Debug|Any CPU
		{D98A7156-9D90-4112-B60E-69A4715E028C}.Release|Any CPU.ActiveCfg = Release|Any CPU
		{D98A7156-9D90-4112-B60E-69A4715E028C}.Release|Any CPU.Build.0 = Release|Any CPU
	EndGlobalSection
	GlobalSection(SolutionProperties) = preSolution
		HideSolutionNode = FALSE
	EndGlobalSection
	GlobalSection(ExtensibilityGlobals) = postSolution
		SolutionGuid = {FC4A3B80-AC92-4F1D-90C8-E449E83D51FC}
	EndGlobalSection
EndGlobal
